# THIS IS AN AUTOGENERATED FILE. DO NOT EDIT THIS FILE DIRECTLY.
# yarn lockfile v1


"@better-scroll/core@^2.5.1":
  version "2.5.1"
  resolved "https://registry.yarnpkg.com/@better-scroll/core/-/core-2.5.1.tgz#de53f089a2f53f51e58e5042556fe0d3e1655aa9"
  integrity sha512-koKOuYA55dQ04FJRIVUpMGDr1hbCfWmfX0MGp1hKagkQSWSRpwblqACiwtggVauoj9aaJRJZ9hDsTM4weaavlg==
  dependencies:
    "@better-scroll/shared-utils" "^2.5.1"

"@better-scroll/observe-dom@^2.5.1":
  version "2.5.1"
  resolved "https://registry.yarnpkg.com/@better-scroll/observe-dom/-/observe-dom-2.5.1.tgz#7e69e46cba1a5b4aa36c498204e60379ac4191d8"
  integrity sha512-TCMGFLRfpXBPIwtUV/efliUmfmrhSNI7NXdSyjdWjsLOS7dh3eFkmcom5ERVWMaXVELSmujGXLqobT+dT0C/jg==
  dependencies:
    "@better-scroll/core" "^2.5.1"

"@better-scroll/shared-utils@^2.5.1":
  version "2.5.1"
  resolved "https://registry.yarnpkg.com/@better-scroll/shared-utils/-/shared-utils-2.5.1.tgz#ed6a1b5713462fa50afd8bb7d172ca218a0b7f2e"
  integrity sha512-AplkfSjXVYP9LZiD6JsKgmgQJ/mG4uuLmBuwLz8W5OsYc7AYTfN8kw6GqZ5OwCGoXkVhBGyd8NeC4xwYItp0aw==
