# THIS IS AN AUTOGENERATED FILE. DO NOT EDIT THIS FILE DIRECTLY.
# yarn lockfile v1


"@better-scroll/core@^2.5.1":
  version "2.5.1"
  resolved "https://registry.yarnpkg.com/@better-scroll/core/-/core-2.5.1.tgz#de53f089a2f53f51e58e5042556fe0d3e1655aa9"
  integrity sha512-koKOuYA55dQ04FJRIVUpMGDr1hbCfWmfX0MGp1hKagkQSWSRpwblqACiwtggVauoj9aaJRJZ9hDsTM4weaavlg==
  dependencies:
    "@better-scroll/shared-utils" "^2.5.1"

"@better-scroll/observe-dom@^2.5.1":
  version "2.5.1"
  resolved "https://registry.yarnpkg.com/@better-scroll/observe-dom/-/observe-dom-2.5.1.tgz#7e69e46cba1a5b4aa36c498204e60379ac4191d8"
  integrity sha512-TCMGFLRfpXBPIwtUV/efliUmfmrhSNI7NXdSyjdWjsLOS7dh3eFkmcom5ERVWMaXVELSmujGXLqobT+dT0C/jg==
  dependencies:
    "@better-scroll/core" "^2.5.1"

"@better-scroll/shared-utils@^2.5.1":
  version "2.5.1"
  resolved "https://registry.yarnpkg.com/@better-scroll/shared-utils/-/shared-utils-2.5.1.tgz#ed6a1b5713462fa50afd8bb7d172ca218a0b7f2e"
  integrity sha512-AplkfSjXVYP9LZiD6JsKgmgQJ/mG4uuLmBuwLz8W5OsYc7AYTfN8kw6GqZ5OwCGoXkVhBGyd8NeC4xwYItp0aw==

create-keyframe-animation@^0.1.0:
  version "0.1.0"
  resolved "https://registry.yarnpkg.com/create-keyframe-animation/-/create-keyframe-animation-0.1.0.tgz#06b8f3e08ecfb53f807eed91043e5ca1c40d5987"
  integrity sha512-fuvKe8YpaX3OWgPDMJLfupqq7ibIXS8oDqqgbTNCbPa373y9KWNJK5qhDdiFYda/uCqXPON4Layi3xIT6+H//A==
  dependencies:
    load-styles "^2.0.0"
    lodash.defaults "^3.1.2"
    native-promisify-if-present "^1.0.1"
    prefixed-event "^1.0.4"
    transform-property "0.0.1"

good-storage@^1.1.1:
  version "1.1.1"
  resolved "https://registry.yarnpkg.com/good-storage/-/good-storage-1.1.1.tgz#081501c01607d5fee2a214f94e8f5f9cb994789f"
  integrity sha512-+0UEpRT03fJgEJoeTVVz41ISC5+jaQrDIWatQ4BoDQfOiBBsjNanymi9sAtLFdEAADQN0FYR8mGpeqxSCe8oXQ==

is-function@^1.0.1:
  version "1.0.2"
  resolved "https://registry.yarnpkg.com/is-function/-/is-function-1.0.2.tgz#4f097f30abf6efadac9833b17ca5dc03f8144e08"
  integrity sha512-lw7DUp0aWXYg+CBCN+JKkcE0Q2RayZnSvnZBlwgxHBQhqt5pZNVy4Ri7H9GmmXkdu7LUthszM+Tor1u/2iBcpQ==

load-styles@^2.0.0:
  version "2.0.0"
  resolved "https://registry.yarnpkg.com/load-styles/-/load-styles-2.0.0.tgz#a0901c8f80ef0c869454eb580b4efc2f0be48471"
  integrity sha512-bKtTRlB+V8jij88ZoX73whwAbme5VQfmNPiK9KWDSyYevZgy3uwivIPBeM9w5+nyhA2BFFyWMSqPNola9MSn+A==

lodash._baseassign@^3.0.0:
  version "3.2.0"
  resolved "https://registry.yarnpkg.com/lodash._baseassign/-/lodash._baseassign-3.2.0.tgz#8c38a099500f215ad09e59f1722fd0c52bfe0a4e"
  integrity sha512-t3N26QR2IdSN+gqSy9Ds9pBu/J1EAFEshKlUHpJG3rvyJOYgcELIxcIeKKfZk7sjOz11cFfzJRsyFry/JyabJQ==
  dependencies:
    lodash._basecopy "^3.0.0"
    lodash.keys "^3.0.0"

lodash._basecopy@^3.0.0:
  version "3.0.1"
  resolved "https://registry.yarnpkg.com/lodash._basecopy/-/lodash._basecopy-3.0.1.tgz#8da0e6a876cf344c0ad8a54882111dd3c5c7ca36"
  integrity sha512-rFR6Vpm4HeCK1WPGvjZSJ+7yik8d8PVUdCJx5rT2pogG4Ve/2ZS7kfmO5l5T2o5V2mqlNIfSF5MZlr1+xOoYQQ==

lodash._bindcallback@^3.0.0:
  version "3.0.1"
  resolved "https://registry.yarnpkg.com/lodash._bindcallback/-/lodash._bindcallback-3.0.1.tgz#e531c27644cf8b57a99e17ed95b35c748789392e"
  integrity sha512-2wlI0JRAGX8WEf4Gm1p/mv/SZ+jLijpj0jyaE/AXeuQphzCgD8ZQW4oSpoN8JAopujOFGU3KMuq7qfHBWlGpjQ==

lodash._createassigner@^3.0.0:
  version "3.1.1"
  resolved "https://registry.yarnpkg.com/lodash._createassigner/-/lodash._createassigner-3.1.1.tgz#838a5bae2fdaca63ac22dee8e19fa4e6d6970b11"
  integrity sha512-LziVL7IDnJjQeeV95Wvhw6G28Z8Q6da87LWKOPWmzBLv4u6FAT/x5v00pyGW0u38UoogNF2JnD3bGgZZDaNEBw==
  dependencies:
    lodash._bindcallback "^3.0.0"
    lodash._isiterateecall "^3.0.0"
    lodash.restparam "^3.0.0"

lodash._getnative@^3.0.0:
  version "3.9.1"
  resolved "https://registry.yarnpkg.com/lodash._getnative/-/lodash._getnative-3.9.1.tgz#570bc7dede46d61cdcde687d65d3eecbaa3aaff5"
  integrity sha512-RrL9VxMEPyDMHOd9uFbvMe8X55X16/cGM5IgOKgRElQZutpX89iS6vwl64duTV1/16w5JY7tuFNXqoekmh1EmA==

lodash._isiterateecall@^3.0.0:
  version "3.0.9"
  resolved "https://registry.yarnpkg.com/lodash._isiterateecall/-/lodash._isiterateecall-3.0.9.tgz#5203ad7ba425fae842460e696db9cf3e6aac057c"
  integrity sha512-De+ZbrMu6eThFti/CSzhRvTKMgQToLxbij58LMfM8JnYDNSOjkjTCIaa8ixglOeGh2nyPlakbt5bJWJ7gvpYlQ==

lodash.assign@^3.0.0:
  version "3.2.0"
  resolved "https://registry.yarnpkg.com/lodash.assign/-/lodash.assign-3.2.0.tgz#3ce9f0234b4b2223e296b8fa0ac1fee8ebca64fa"
  integrity sha512-/VVxzgGBmbphasTg51FrztxQJ/VgAUpol6zmJuSVSGcNg4g7FA4z7rQV8Ovr9V3vFBNWZhvKWHfpAytjTVUfFA==
  dependencies:
    lodash._baseassign "^3.0.0"
    lodash._createassigner "^3.0.0"
    lodash.keys "^3.0.0"

lodash.defaults@^3.1.2:
  version "3.1.2"
  resolved "https://registry.yarnpkg.com/lodash.defaults/-/lodash.defaults-3.1.2.tgz#c7308b18dbf8bc9372d701a73493c61192bd2e2c"
  integrity sha512-X7135IXFQt5JDFnYxOVAzVz+kFvwDn3N8DJYf+nrz/mMWEuSu7+OL6rWqsk3+VR1T4TejFCSu5isBJOLSID2bg==
  dependencies:
    lodash.assign "^3.0.0"
    lodash.restparam "^3.0.0"

lodash.isarguments@^3.0.0:
  version "3.1.0"
  resolved "https://registry.yarnpkg.com/lodash.isarguments/-/lodash.isarguments-3.1.0.tgz#2f573d85c6a24289ff00663b491c1d338ff3458a"
  integrity sha512-chi4NHZlZqZD18a0imDHnZPrDeBbTtVN7GXMwuGdRH9qotxAjYs3aVLKc7zNOG9eddR5Ksd8rvFEBc9SsggPpg==

lodash.isarray@^3.0.0:
  version "3.0.4"
  resolved "https://registry.yarnpkg.com/lodash.isarray/-/lodash.isarray-3.0.4.tgz#79e4eb88c36a8122af86f844aa9bcd851b5fbb55"
  integrity sha512-JwObCrNJuT0Nnbuecmqr5DgtuBppuCvGD9lxjFpAzwnVtdGoDQ1zig+5W8k5/6Gcn0gZ3936HDAlGd28i7sOGQ==

lodash.keys@^3.0.0:
  version "3.1.2"
  resolved "https://registry.yarnpkg.com/lodash.keys/-/lodash.keys-3.1.2.tgz#4dbc0472b156be50a0b286855d1bd0b0c656098a"
  integrity sha512-CuBsapFjcubOGMn3VD+24HOAPxM79tH+V6ivJL3CHYjtrawauDJHUk//Yew9Hvc6e9rbCrURGk8z6PC+8WJBfQ==
  dependencies:
    lodash._getnative "^3.0.0"
    lodash.isarguments "^3.0.0"
    lodash.isarray "^3.0.0"

lodash.restparam@^3.0.0:
  version "3.6.1"
  resolved "https://registry.yarnpkg.com/lodash.restparam/-/lodash.restparam-3.6.1.tgz#936a4e309ef330a7645ed4145986c85ae5b20805"
  integrity sha512-L4/arjjuq4noiUJpt3yS6KIKDtJwNe2fIYgMqyYYKoeIfV1iEqvPwhCx23o+R9dzouGihDAPN1dTIRWa7zk8tw==

lyric-parser@^1.0.1:
  version "1.0.1"
  resolved "https://registry.yarnpkg.com/lyric-parser/-/lyric-parser-1.0.1.tgz#a1f8aa77653cf947ecf94df51d5f816afc9ed44c"
  integrity sha512-klGkA3gsKMyHENefKj1OnbscWRAxvxNsYNuxgmSIQg6KqVx/HnTrfcD/gNP74XBcu7HSh+kGhCjetPlH91OtFA==

native-promisify-if-present@^1.0.1:
  version "1.0.1"
  resolved "https://registry.yarnpkg.com/native-promisify-if-present/-/native-promisify-if-present-1.0.1.tgz#78c79b0dc39c5a94b3ad0f4677d64b7170f482e2"
  integrity sha512-9Lavi0L5wqJVpY9aj8VefK5j0G5HG5gi1wjIbw7HpQKwpTtX8J07gwVXwe6lsgwVS19LVVXwlKxSOqnpZAq2sw==
  dependencies:
    is-function "^1.0.1"

prefixed-event@^1.0.4:
  version "1.0.4"
  resolved "https://registry.yarnpkg.com/prefixed-event/-/prefixed-event-1.0.4.tgz#23e925cdfb109aaeaa41ec91d38c91c511042aa7"
  integrity sha512-gmBGWNF8BF/Gr/gE6CFWvSh3YvNXeoEgeMWLHvR6MKpUFNsiTTozydrbCh46FB1ot3mEhykN/9TkuQbtakEFzA==

transform-property@0.0.1:
  version "0.0.1"
  resolved "https://registry.yarnpkg.com/transform-property/-/transform-property-0.0.1.tgz#4863662f9d5e5bb8f0c00648eff08beb14fd65f2"
  integrity sha512-L0nMJCwu3/Lpd5t/pRQl+JoYU5V0sYubcn30yWZnHG0HjC6Gdr/Eg/bun1OixYPmsEZdA7Khbq2jiSIjzlEv6Q==

vue3-lazy@^1.0.0-alpha.1:
  version "1.0.0-alpha.1"
  resolved "https://registry.yarnpkg.com/vue3-lazy/-/vue3-lazy-1.0.0-alpha.1.tgz#326a56c2ade4430c76b7ac90d33a7fde0af9aaa6"
  integrity sha512-dpjpKK4DC5q+wZVtS/VY3X6pYBJHxRmYanr20s39RB6o6fvbneQ/DNuz37bipYfEdrEvbSZ95Y2SCexuznQNrQ==
